
Microsoft Visual Studio Solution File, Format Version 12.00
# Visual Studio Version 16
VisualStudioVersion = 16.0.29001.49
MinimumVisualStudioVersion = 10.0.40219.1
Project("{FAE04EC0-301F-11D3-BF4B-00C04F79EFBC}") = "GameCore", "GameCore\GameCore.csproj", "{EF08A64D-3148-4C30-948F-78F24B9351BB}"
EndProject
Project("{FAE04EC0-301F-11D3-BF4B-00C04F79EFBC}") = "GameCore.Specs", "GameCore.Specs\GameCore.Specs.csproj", "{6A92D22D-4340-4803-89CD-1CCCC1F73047}"
EndProject
Global
	GlobalSection(SolutionConfigurationPlatforms) = preSolution
		Debug|Any CPU = Debug|Any CPU
		Release|Any CPU = Release|Any CPU
	EndGlobalSection
	GlobalSection(ProjectConfigurationPlatforms) = postSolution
		{EF08A64D-3148-4C30-948F-78F24B9351BB}.Debug|Any CPU.ActiveCfg = Debug|Any CPU
		{EF08A64D-3148-4C30-948F-78F24B9351BB}.Debug|Any CPU.Build.0 = Debug|Any CPU
		{EF08A64D-3148-4C30-948F-78F24B9351BB}.Release|Any CPU.ActiveCfg = Release|Any CPU
		{EF08A64D-3148-4C30-948F-78F24B9351BB}.Release|Any CPU.Build.0 = Release|Any CPU
		{6A92D22D-4340-4803-89CD-1CCCC1F73047}.Debug|Any CPU.ActiveCfg = Debug|Any CPU
		{6A92D22D-4340-4803-89CD-1CCCC1F73047}.Debug|Any CPU.Build.0 = Debug|Any CPU
		{6A92D22D-4340-4803-89CD-1CCCC1F73047}.Release|Any CPU.ActiveCfg = Release|Any CPU
		{6A92D22D-4340-4803-89CD-1CCCC1F73047}.Release|Any CPU.Build.0 = Release|Any CPU
	EndGlobalSection
	GlobalSection(SolutionProperties) = preSolution
		HideSolutionNode = FALSE
	EndGlobalSection
	GlobalSection(ExtensibilityGlobals) = postSolution
		SolutionGuid = {F7750C82-1559-47EE-9E21-96760D5D395F}
	EndGlobalSection
EndGlobal
